
Microsoft Visual Studio Solution File, Format Version 12.00
# Visual Studio 15
VisualStudioVersion = 15.0.26730.12
MinimumVisualStudioVersion = 10.0.40219.1
Project("{FAE04EC0-301F-11D3-BF4B-00C04F79EFBC}") = "dotNetFw", "dotNetFw\dotNetFw.csproj", "{372A4EE2-2BB8-4B7F-A4D4-E500D4A06317}"
EndProject
Global
	GlobalSection(SolutionConfigurationPlatforms) = preSolution
		Debug|Any CPU = Debug|Any CPU
		Release|Any CPU = Release|Any CPU
	EndGlobalSection
	GlobalSection(ProjectConfigurationPlatforms) = postSolution
		{372A4EE2-2BB8-4B7F-A4D4-E500D4A06317}.Debug|Any CPU.ActiveCfg = Debug|Any CPU
		{372A4EE2-2BB8-4B7F-A4D4-E500D4A06317}.Debug|Any CPU.Build.0 = Debug|Any CPU
		{372A4EE2-2BB8-4B7F-A4D4-E500D4A06317}.Release|Any CPU.ActiveCfg = Release|Any CPU
		{372A4EE2-2BB8-4B7F-A4D4-E500D4A06317}.Release|Any CPU.Build.0 = Release|Any CPU
	EndGlobalSection
	GlobalSection(SolutionProperties) = preSolution
		HideSolutionNode = FALSE
	EndGlobalSection
	GlobalSection(ExtensibilityGlobals) = postSolution
		SolutionGuid = {5AE82599-D869-4CE4-9CD7-262CBA2AF1C6}
	EndGlobalSection
EndGlobal
